
Microsoft Visual Studio Solution File, Format Version 12.00
# Visual Studio Version 16
VisualStudioVersion = 16.0.29123.88
MinimumVisualStudioVersion = 10.0.40219.1
Project("{FAE04EC0-301F-11D3-BF4B-00C04F79EFBC}") = "WebFormAula1", "WebFormAula1\WebFormAula1.csproj", "{D16C842A-5677-4B25-A971-9A2FD757CCBC}"
EndProject
Project("{FAE04EC0-301F-11D3-BF4B-00C04F79EFBC}") = "Business", "Business\Business.csproj", "{12DFAC1B-6988-4AC1-AF00-6D3CC5AFBD2D}"
EndProject
Global
	GlobalSection(SolutionConfigurationPlatforms) = preSolution
		Debug|Any CPU = Debug|Any CPU
		Release|Any CPU = Release|Any CPU
	EndGlobalSection
	GlobalSection(ProjectConfigurationPlatforms) = postSolution
		{D16C842A-5677-4B25-A971-9A2FD757CCBC}.Debug|Any CPU.ActiveCfg = Debug|Any CPU
		{D16C842A-5677-4B25-A971-9A2FD757CCBC}.Debug|Any CPU.Build.0 = Debug|Any CPU
		{D16C842A-5677-4B25-A971-9A2FD757CCBC}.Release|Any CPU.ActiveCfg = Release|Any CPU
		{D16C842A-5677-4B25-A971-9A2FD757CCBC}.Release|Any CPU.Build.0 = Release|Any CPU
		{12DFAC1B-6988-4AC1-AF00-6D3CC5AFBD2D}.Debug|Any CPU.ActiveCfg = Debug|Any CPU
		{12DFAC1B-6988-4AC1-AF00-6D3CC5AFBD2D}.Debug|Any CPU.Build.0 = Debug|Any CPU
		{12DFAC1B-6988-4AC1-AF00-6D3CC5AFBD2D}.Release|Any CPU.ActiveCfg = Release|Any CPU
		{12DFAC1B-6988-4AC1-AF00-6D3CC5AFBD2D}.Release|Any CPU.Build.0 = Release|Any CPU
	EndGlobalSection
	GlobalSection(SolutionProperties) = preSolution
		HideSolutionNode = FALSE
	EndGlobalSection
	GlobalSection(ExtensibilityGlobals) = postSolution
		SolutionGuid = {06296BFB-432E-4A00-A6D3-09734FF31A33}
	EndGlobalSection
EndGlobal
