
Microsoft Visual Studio Solution File, Format Version 12.00
# Visual Studio Version 16
VisualStudioVersion = 16.0.29020.237
MinimumVisualStudioVersion = 10.0.40219.1
Project("{FAE04EC0-301F-11D3-BF4B-00C04F79EFBC}") = "WindowsFormsApp1", "WindowsFormsApp1\WindowsFormsApp1.csproj", "{9B53C0B5-6097-4CCB-A7F4-6CFD9FAADE3A}"
EndProject
Global
	GlobalSection(SolutionConfigurationPlatforms) = preSolution
		Debug|Any CPU = Debug|Any CPU
		Release|Any CPU = Release|Any CPU
	EndGlobalSection
	GlobalSection(ProjectConfigurationPlatforms) = postSolution
		{9B53C0B5-6097-4CCB-A7F4-6CFD9FAADE3A}.Debug|Any CPU.ActiveCfg = Debug|Any CPU
		{9B53C0B5-6097-4CCB-A7F4-6CFD9FAADE3A}.Debug|Any CPU.Build.0 = Debug|Any CPU
		{9B53C0B5-6097-4CCB-A7F4-6CFD9FAADE3A}.Release|Any CPU.ActiveCfg = Release|Any CPU
		{9B53C0B5-6097-4CCB-A7F4-6CFD9FAADE3A}.Release|Any CPU.Build.0 = Release|Any CPU
	EndGlobalSection
	GlobalSection(SolutionProperties) = preSolution
		HideSolutionNode = FALSE
	EndGlobalSection
	GlobalSection(ExtensibilityGlobals) = postSolution
		SolutionGuid = {72ED9C88-BBB2-420A-BEF3-69FE588E9918}
	EndGlobalSection
EndGlobal
